
Microsoft Visual Studio Solution File, Format Version 11.00
# Visual Studio 2012
Project("{FAE04EC0-301F-11D3-BF4B-00C04F79EFBC}") = "SymphoniaSaveEdit", "SymphoniaSaveEdit\SymphoniaSaveEdit.csproj", "{31E89156-FEC9-4FF6-ABA6-F40BAEF17A8D}"
EndProject
Global
	GlobalSection(SolutionConfigurationPlatforms) = preSolution
		Debug|Any CPU = Debug|Any CPU
		Release|Any CPU = Release|Any CPU
	EndGlobalSection
	GlobalSection(ProjectConfigurationPlatforms) = postSolution
		{31E89156-FEC9-4FF6-ABA6-F40BAEF17A8D}.Debug|Any CPU.ActiveCfg = Debug|Any CPU
		{31E89156-FEC9-4FF6-ABA6-F40BAEF17A8D}.Debug|Any CPU.Build.0 = Debug|Any CPU
		{31E89156-FEC9-4FF6-ABA6-F40BAEF17A8D}.Release|Any CPU.ActiveCfg = Release|Any CPU
		{31E89156-FEC9-4FF6-ABA6-F40BAEF17A8D}.Release|Any CPU.Build.0 = Release|Any CPU
	EndGlobalSection
	GlobalSection(SolutionProperties) = preSolution
		HideSolutionNode = FALSE
	EndGlobalSection
EndGlobal
